# THIS IS AN AUTOGENERATED FILE. DO NOT EDIT THIS FILE DIRECTLY.
# yarn lockfile v1


"@babel/runtime@7.6.0":
  version "7.6.0"
  resolved "https://registry.yarnpkg.com/@babel/runtime/-/runtime-7.6.0.tgz#4fc1d642a9fd0299754e8b5de62c631cf5568205"
  integrity sha512-89eSBLJsxNxOERC0Op4vd+0Bqm6wRMqMbFtV3i0/fbaWw/mJ8Q3eBvgX0G4SyrOOLCtbu98HspF8o09MRT+KzQ==
  dependencies:
    regenerator-runtime "^0.13.2"

array-filter@^1.0.0:
  version "1.0.0"
  resolved "https://registry.yarnpkg.com/array-filter/-/array-filter-1.0.0.tgz#baf79e62e6ef4c2a4c0b831232daffec251f9d83"
  integrity sha1-uveeYubvTCpMC4MSMtr/7CUfnYM=

available-typed-arrays@^1.0.0, available-typed-arrays@^1.0.2:
  version "1.0.2"
  resolved "https://registry.yarnpkg.com/available-typed-arrays/-/available-typed-arrays-1.0.2.tgz#6b098ca9d8039079ee3f77f7b783c4480ba513f5"
  integrity sha512-XWX3OX8Onv97LMk/ftVyBibpGwY5a8SmuxZPzeOxqmuEqUCOM9ZE+uIaD1VNJ5QnvU2UQusvmKbuM1FR8QWGfQ==
  dependencies:
    array-filter "^1.0.0"

babel-runtime@6.26.0:
  version "6.26.0"
  resolved "https://registry.yarnpkg.com/babel-runtime/-/babel-runtime-6.26.0.tgz#965c7058668e82b55d7bfe04ff2337bc8b5647fe"
  integrity sha1-llxwWGaOgrVde/4E/yM3vItWR/4=
  dependencies:
    core-js "^2.4.0"
    regenerator-runtime "^0.11.0"

base-x@^3.0.2:
  version "3.0.8"
  resolved "https://registry.yarnpkg.com/base-x/-/base-x-3.0.8.tgz#1e1106c2537f0162e8b52474a557ebb09000018d"
  integrity sha512-Rl/1AWP4J/zRrk54hhlxH4drNxPJXYUaKffODVI53/dAsV4t9fBxyxYKAVPU1XBHxYwOWP9h9H0hM2MVw4YfJA==
  dependencies:
    safe-buffer "^5.0.1"

bigi@1.4.2, bigi@^1.1.0:
  version "1.4.2"
  resolved "https://registry.yarnpkg.com/bigi/-/bigi-1.4.2.tgz#9c665a95f88b8b08fc05cfd731f561859d725825"
  integrity sha1-nGZalfiLiwj8Bc/XMfVhhZ1yWCU=

browserify-aes@1.0.6:
  version "1.0.6"
  resolved "https://registry.yarnpkg.com/browserify-aes/-/browserify-aes-1.0.6.tgz#5e7725dbdef1fd5930d4ebab48567ce451c48a0a"
  integrity sha1-Xncl297x/Vkw1OurSFZ85FHEigo=
  dependencies:
    buffer-xor "^1.0.2"
    cipher-base "^1.0.0"
    create-hash "^1.1.0"
    evp_bytestokey "^1.0.0"
    inherits "^2.0.1"

bs58@4.0.1:
  version "4.0.1"
  resolved "https://registry.yarnpkg.com/bs58/-/bs58-4.0.1.tgz#be161e76c354f6f788ae4071f63f34e8c4f0a42a"
  integrity sha1-vhYedsNU9veIrkBx9j806MTwpCo=
  dependencies:
    base-x "^3.0.2"

buffer-xor@^1.0.2:
  version "1.0.3"
  resolved "https://registry.yarnpkg.com/buffer-xor/-/buffer-xor-1.0.3.tgz#26e61ed1422fb70dd42e6e36729ed51d855fe8d9"
  integrity sha1-JuYe0UIvtw3ULm42cp7VHYVf6Nk=

bytebuffer@5.0.1:
  version "5.0.1"
  resolved "https://registry.yarnpkg.com/bytebuffer/-/bytebuffer-5.0.1.tgz#582eea4b1a873b6d020a48d58df85f0bba6cfddd"
  integrity sha1-WC7qSxqHO20CCkjVjfhfC7ps/d0=
  dependencies:
    long "~3"

cipher-base@^1.0.0, cipher-base@^1.0.1, cipher-base@^1.0.3:
  version "1.0.4"
  resolved "https://registry.yarnpkg.com/cipher-base/-/cipher-base-1.0.4.tgz#8760e4ecc272f4c363532f926d874aae2c1397de"
  integrity sha512-Kkht5ye6ZGmwv40uUDZztayT2ThLQGfnj/T71N/XzeZeo3nf8foyW7zGTsPYkEya3m5f3cAypH+qe7YOrM1U2Q==
  dependencies:
    inherits "^2.0.1"
    safe-buffer "^5.0.1"

colors@^1.4.0:
  version "1.4.0"
  resolved "https://registry.yarnpkg.com/colors/-/colors-1.4.0.tgz#c50491479d4c1bdaed2c9ced32cf7c7dc2360f78"
  integrity sha512-a+UqTh4kgZg/SlGvfbzDHpgRu7AAQOmmqRHJnxhRZICKFUT91brVhNNt58CMWU9PsBbv3PDCZUHbVxuDiH2mtA==

core-js@^2.4.0:
  version "2.6.11"
  resolved "https://registry.yarnpkg.com/core-js/-/core-js-2.6.11.tgz#38831469f9922bded8ee21c9dc46985e0399308c"
  integrity sha512-5wjnpaT/3dV+XB4borEsnAYQchn00XSgTAWKDkEqv+K8KevjbzmofK6hfJ9TZIlpj2N0xQpazy7PiRQiWHqzWg==

core-js@^3.6.5:
  version "3.6.5"
  resolved "https://registry.yarnpkg.com/core-js/-/core-js-3.6.5.tgz#7395dc273af37fb2e50e9bd3d9fe841285231d1a"
  integrity sha512-vZVEEwZoIsI+vPEuoF9Iqf5H7/M3eeQqWlQnYa8FSKKePuYTf5MWnxb5SDAzCa60b3JBRS5g9b+Dq7b1y/RCrA==

create-hash@1.1.3:
  version "1.1.3"
  resolved "https://registry.yarnpkg.com/create-hash/-/create-hash-1.1.3.tgz#606042ac8b9262750f483caddab0f5819172d8fd"
  integrity sha1-YGBCrIuSYnUPSDyt2rD1gZFy2P0=
  dependencies:
    cipher-base "^1.0.1"
    inherits "^2.0.1"
    ripemd160 "^2.0.0"
    sha.js "^2.4.0"

create-hash@^1.1.0:
  version "1.2.0"
  resolved "https://registry.yarnpkg.com/create-hash/-/create-hash-1.2.0.tgz#889078af11a63756bcfb59bd221996be3a9ef196"
  integrity sha512-z00bCGNHDG8mHAkP7CtT1qVu+bFQUPjYq/4Iv3C3kWjTFV10zIjfSoeqXo9Asws8gwSHDGj/hl2u4OGIjapeCg==
  dependencies:
    cipher-base "^1.0.1"
    inherits "^2.0.1"
    md5.js "^1.3.4"
    ripemd160 "^2.0.1"
    sha.js "^2.4.0"

create-hmac@1.1.6:
  version "1.1.6"
  resolved "https://registry.yarnpkg.com/create-hmac/-/create-hmac-1.1.6.tgz#acb9e221a4e17bdb076e90657c42b93e3726cf06"
  integrity sha1-rLniIaThe9sHbpBlfEK5PjcmzwY=
  dependencies:
    cipher-base "^1.0.3"
    create-hash "^1.1.0"
    inherits "^2.0.1"
    ripemd160 "^2.0.0"
    safe-buffer "^5.0.1"
    sha.js "^2.4.8"

define-properties@^1.1.2, define-properties@^1.1.3:
  version "1.1.3"
  resolved "https://registry.yarnpkg.com/define-properties/-/define-properties-1.1.3.tgz#cf88da6cbee26fe6db7094f61d870cbd84cee9f1"
  integrity sha512-3MqfYKj2lLzdMSf8ZIZE/V+Zuy+BgD6f164e8K2w7dgnpKArBDerGYpM46IYYcjnkdPNMjPk9A6VFB8+3SKlXQ==
  dependencies:
    object-keys "^1.0.12"

ecurve@1.0.5:
  version "1.0.5"
  resolved "https://registry.yarnpkg.com/ecurve/-/ecurve-1.0.5.tgz#d148e8fe50a674f983bb5bae09da0ea23e10535e"
  integrity sha1-0Ujo/lCmdPmDu1uuCdoOoj4QU14=
  dependencies:
    bigi "^1.1.0"

eosjs-ecc@4.0.7, eosjs-ecc@^4.0.7:
  version "4.0.7"
  resolved "https://registry.yarnpkg.com/eosjs-ecc/-/eosjs-ecc-4.0.7.tgz#f5246da3b84839fcc237204768ef6e5ea56cc814"
  integrity sha512-uuqhqnrDy9XTpKfkhiZqRDUTCCI9oWBalVK5IosL7kpYwA9I3lm68INYFLyWsHpF2xwHqPql8MrMYJ3zfOn5Qg==
  dependencies:
    "@babel/runtime" "7.6.0"
    bigi "1.4.2"
    browserify-aes "1.0.6"
    bs58 "4.0.1"
    bytebuffer "5.0.1"
    create-hash "1.1.3"
    create-hmac "1.1.6"
    ecurve "1.0.5"
    randombytes "2.0.5"

eosjs@^20.0.3:
  version "20.0.3"
  resolved "https://registry.yarnpkg.com/eosjs/-/eosjs-20.0.3.tgz#f3ac1fa119b76dd07bf2825ad27342f6502a533b"
  integrity sha512-h0WSxsDo7AHz5IzpbQDrzyT/CYmbBDtFiiolTdtGd2FdKXEa6LDER4WbNp4qxCY7kD65KeG3knkGmOOFGbPJxw==
  dependencies:
    babel-runtime "6.26.0"
    eosjs-ecc "4.0.7"
    text-encoding "0.7.0"

es-abstract@^1.17.4, es-abstract@^1.17.5:
  version "1.17.6"
  resolved "https://registry.yarnpkg.com/es-abstract/-/es-abstract-1.17.6.tgz#9142071707857b2cacc7b89ecb670316c3e2d52a"
  integrity sha512-Fr89bON3WFyUi5EvAeI48QTWX0AyekGgLA8H+c+7fbfCkJwRWRMLd8CQedNEyJuoYYhmtEqY92pgte1FAhBlhw==
  dependencies:
    es-to-primitive "^1.2.1"
    function-bind "^1.1.1"
    has "^1.0.3"
    has-symbols "^1.0.1"
    is-callable "^1.2.0"
    is-regex "^1.1.0"
    object-inspect "^1.7.0"
    object-keys "^1.1.1"
    object.assign "^4.1.0"
    string.prototype.trimend "^1.0.1"
    string.prototype.trimstart "^1.0.1"

es-to-primitive@^1.2.1:
  version "1.2.1"
  resolved "https://registry.yarnpkg.com/es-to-primitive/-/es-to-primitive-1.2.1.tgz#e55cd4c9cdc188bcefb03b366c736323fc5c898a"
  integrity sha512-QCOllgZJtaUo9miYBcLChTUaHNjJF3PYs1VidD7AwiEj1kYxKeQTctLAezAOH5ZKRH0g2IgPn6KwB4IT8iRpvA==
  dependencies:
    is-callable "^1.1.4"
    is-date-object "^1.0.1"
    is-symbol "^1.0.2"

evp_bytestokey@^1.0.0:
  version "1.0.3"
  resolved "https://registry.yarnpkg.com/evp_bytestokey/-/evp_bytestokey-1.0.3.tgz#7fcbdb198dc71959432efe13842684e0525acb02"
  integrity sha512-/f2Go4TognH/KvCISP7OUsHn85hT9nUkxxA9BEWxFn+Oj9o8ZNLm/40hdlgSLyuOimsrTKLUMEorQexp/aPQeA==
  dependencies:
    md5.js "^1.3.4"
    safe-buffer "^5.1.1"

foreach@^2.0.5:
  version "2.0.5"
  resolved "https://registry.yarnpkg.com/foreach/-/foreach-2.0.5.tgz#0bee005018aeb260d0a3af3ae658dd0136ec1b99"
  integrity sha1-C+4AUBiusmDQo6865ljdATbsG5k=

function-bind@^1.1.1:
  version "1.1.1"
  resolved "https://registry.yarnpkg.com/function-bind/-/function-bind-1.1.1.tgz#a56899d3ea3c9bab874bb9773b7c5ede92f4895d"
  integrity sha512-yIovAzMX49sF8Yl58fSCWJ5svSLuaibPxXQJFLmBObTuCr0Mf1KiPopGM9NiFjiYBCbfaa2Fh6breQ6ANVTI0A==

has-symbols@^1.0.0, has-symbols@^1.0.1:
  version "1.0.1"
  resolved "https://registry.yarnpkg.com/has-symbols/-/has-symbols-1.0.1.tgz#9f5214758a44196c406d9bd76cebf81ec2dd31e8"
  integrity sha512-PLcsoqu++dmEIZB+6totNFKq/7Do+Z0u4oT0zKOJNl3lYK6vGwwu2hjHs+68OEZbTjiUE9bgOABXbP/GvrS0Kg==

has@^1.0.3:
  version "1.0.3"
  resolved "https://registry.yarnpkg.com/has/-/has-1.0.3.tgz#722d7cbfc1f6aa8241f16dd814e011e1f41e8796"
  integrity sha512-f2dvO0VU6Oej7RkWJGrehjbzMAjFp5/VKPp5tTpWIV4JHHZK1/BxbFRtf/siA2SWTe09caDmVtYYzWEIbBS4zw==
  dependencies:
    function-bind "^1.1.1"

hash-base@^3.0.0:
  version "3.1.0"
  resolved "https://registry.yarnpkg.com/hash-base/-/hash-base-3.1.0.tgz#55c381d9e06e1d2997a883b4a3fddfe7f0d3af33"
  integrity sha512-1nmYp/rhMDiE7AYkDw+lLwlAzz0AntGIe51F3RfFfEqyQ3feY2eI/NcwC6umIQVOASPMsWJLJScWKSSvzL9IVA==
  dependencies:
    inherits "^2.0.4"
    readable-stream "^3.6.0"
    safe-buffer "^5.2.0"

inherits@^2.0.1, inherits@^2.0.3, inherits@^2.0.4:
  version "2.0.4"
  resolved "https://registry.yarnpkg.com/inherits/-/inherits-2.0.4.tgz#0fa2c64f932917c3433a0ded55363aae37416b7c"
  integrity sha512-k/vGaX4/Yla3WzyMCvTQOXYeIHvqOKtnqBduzTHpzpQZzAskKMhZ2K+EnBiSM9zGSoIFeMpXKxa4dYeZIQqewQ==

is-arguments@^1.0.4:
  version "1.0.4"
  resolved "https://registry.yarnpkg.com/is-arguments/-/is-arguments-1.0.4.tgz#3faf966c7cba0ff437fb31f6250082fcf0448cf3"
  integrity sha512-xPh0Rmt8NE65sNzvyUmWgI1tz3mKq74lGA0mL8LYZcoIzKOzDh6HmrYm3d18k60nHerC8A9Km8kYu87zfSFnLA==

is-callable@^1.1.4, is-callable@^1.2.0:
  version "1.2.0"
  resolved "https://registry.yarnpkg.com/is-callable/-/is-callable-1.2.0.tgz#83336560b54a38e35e3a2df7afd0454d691468bb"
  integrity sha512-pyVD9AaGLxtg6srb2Ng6ynWJqkHU9bEM087AKck0w8QwDarTfNcpIYoU8x8Hv2Icm8u6kFJM18Dag8lyqGkviw==

is-date-object@^1.0.1:
  version "1.0.2"
  resolved "https://registry.yarnpkg.com/is-date-object/-/is-date-object-1.0.2.tgz#bda736f2cd8fd06d32844e7743bfa7494c3bfd7e"
  integrity sha512-USlDT524woQ08aoZFzh3/Z6ch9Y/EWXEHQ/AaRN0SkKq4t2Jw2R2339tSXmwuVoY7LLlBCbOIlx2myP/L5zk0g==

is-generator-function@^1.0.7:
  version "1.0.7"
  resolved "https://registry.yarnpkg.com/is-generator-function/-/is-generator-function-1.0.7.tgz#d2132e529bb0000a7f80794d4bdf5cd5e5813522"
  integrity sha512-YZc5EwyO4f2kWCax7oegfuSr9mFz1ZvieNYBEjmukLxgXfBUbxAWGVF7GZf0zidYtoBl3WvC07YK0wT76a+Rtw==

is-regex@^1.1.0:
  version "1.1.0"
  resolved "https://registry.yarnpkg.com/is-regex/-/is-regex-1.1.0.tgz#ece38e389e490df0dc21caea2bd596f987f767ff"
  integrity sha512-iI97M8KTWID2la5uYXlkbSDQIg4F6o1sYboZKKTDpnDQMLtUL86zxhgDet3Q2SriaYsyGqZ6Mn2SjbRKeLHdqw==
  dependencies:
    has-symbols "^1.0.1"

is-symbol@^1.0.2:
  version "1.0.3"
  resolved "https://registry.yarnpkg.com/is-symbol/-/is-symbol-1.0.3.tgz#38e1014b9e6329be0de9d24a414fd7441ec61937"
  integrity sha512-OwijhaRSgqvhm/0ZdAcXNZt9lYdKFpcRDT5ULUuYXPoT794UNOdU+gpT6Rzo7b4V2HUl/op6GqY894AZwv9faQ==
  dependencies:
    has-symbols "^1.0.1"

is-typed-array@^1.1.3:
  version "1.1.3"
  resolved "https://registry.yarnpkg.com/is-typed-array/-/is-typed-array-1.1.3.tgz#a4ff5a5e672e1a55f99c7f54e59597af5c1df04d"
  integrity sha512-BSYUBOK/HJibQ30wWkWold5txYwMUXQct9YHAQJr8fSwvZoiglcqB0pd7vEN23+Tsi9IUEjztdOSzl4qLVYGTQ==
  dependencies:
    available-typed-arrays "^1.0.0"
    es-abstract "^1.17.4"
    foreach "^2.0.5"
    has-symbols "^1.0.1"

lodash@^4.17.21:
  version "4.17.21"
  resolved "https://registry.yarnpkg.com/lodash/-/lodash-4.17.21.tgz#679591c564c3bffaae8454cf0b3df370c3d6911c"
  integrity sha512-v2kDEe57lecTulaDIuNTPy3Ry4gLGJ6Z1O3vE1krgXZNrsQ+LFTGHVxVjcXPs17LhbZVGedAJv8XZ1tvj5FvSg==

logbootstrap@^1.0.0:
  version "1.0.2"
  resolved "https://registry.yarnpkg.com/logbootstrap/-/logbootstrap-1.0.2.tgz#3aa9735d6e46d831df1687554cd59038c03c3458"
  integrity sha512-bkrSVInpqfN1Myeb0CEgLqslkTTKxf3e6Ms9N4fmOBg+MKsfGq4gREznPXw5M4B/Lqcp4tMM8MZX/F9NmBk7IQ==
  dependencies:
    colors "^1.4.0"

long@~3:
  version "3.2.0"
  resolved "https://registry.yarnpkg.com/long/-/long-3.2.0.tgz#d821b7138ca1cb581c172990ef14db200b5c474b"
  integrity sha1-2CG3E4yhy1gcFymQ7xTbIAtcR0s=

md5.js@^1.3.4:
  version "1.3.5"
  resolved "https://registry.yarnpkg.com/md5.js/-/md5.js-1.3.5.tgz#b5d07b8e3216e3e27cd728d72f70d1e6a342005f"
  integrity sha512-xitP+WxNPcTTOgnTJcrhM0xvdPepipPSf3I8EIpGKeFLjt3PlJLIDG3u8EX53ZIubkb+5U2+3rELYpEhHhzdkg==
  dependencies:
    hash-base "^3.0.0"
    inherits "^2.0.1"
    safe-buffer "^5.1.2"

moment@^2.26.0:
  version "2.27.0"
  resolved "https://registry.yarnpkg.com/moment/-/moment-2.27.0.tgz#8bff4e3e26a236220dfe3e36de756b6ebaa0105d"
  integrity sha512-al0MUK7cpIcglMv3YF13qSgdAIqxHTO7brRtaz3DlSULbqfazqkc5kEjNrLDOM7fsjshoFIihnU8snrP7zUvhQ==

node-fetch@^2.6.0:
  version "2.6.0"
  resolved "https://registry.yarnpkg.com/node-fetch/-/node-fetch-2.6.0.tgz#e633456386d4aa55863f676a7ab0daa8fdecb0fd"
  integrity sha512-8dG4H5ujfvFiqDmVu9fQ5bOHUC15JMjMY/Zumv26oOvvVJjM67KF8koCWIabKQ1GJIa9r2mMZscBq/TbdOcmNA==

object-inspect@^1.7.0:
  version "1.8.0"
  resolved "https://registry.yarnpkg.com/object-inspect/-/object-inspect-1.8.0.tgz#df807e5ecf53a609cc6bfe93eac3cc7be5b3a9d0"
  integrity sha512-jLdtEOB112fORuypAyl/50VRVIBIdVQOSUUGQHzJ4xBSbit81zRarz7GThkEFZy1RceYrWYcPcBFPQwHyAc1gA==

object-keys@^1.0.11, object-keys@^1.0.12, object-keys@^1.1.1:
  version "1.1.1"
  resolved "https://registry.yarnpkg.com/object-keys/-/object-keys-1.1.1.tgz#1c47f272df277f3b1daf061677d9c82e2322c60e"
  integrity sha512-NuAESUOUMrlIXOfHKzD6bpPu3tYt3xvjNdRIQ+FeT0lNb4K8WR70CaDxhuNguS2XG+GjkyMwOzsN5ZktImfhLA==

object.assign@^4.1.0:
  version "4.1.0"
  resolved "https://registry.yarnpkg.com/object.assign/-/object.assign-4.1.0.tgz#968bf1100d7956bb3ca086f006f846b3bc4008da"
  integrity sha512-exHJeq6kBKj58mqGyTQ9DFvrZC/eR6OwxzoM9YRoGBqrXYonaFyGiFMuc9VZrXf7DarreEwMpurG3dd+CNyW5w==
  dependencies:
    define-properties "^1.1.2"
    function-bind "^1.1.1"
    has-symbols "^1.0.0"
    object-keys "^1.0.11"

randombytes@2.0.5:
  version "2.0.5"
  resolved "https://registry.yarnpkg.com/randombytes/-/randombytes-2.0.5.tgz#dc009a246b8d09a177b4b7a0ae77bc570f4b1b79"
  integrity sha512-8T7Zn1AhMsQ/HI1SjcCfT/t4ii3eAqco3yOcSzS4mozsOz69lHLsoMXmF9nZgnFanYscnSlUSgs8uZyKzpE6kg==
  dependencies:
    safe-buffer "^5.1.0"

readable-stream@^3.6.0:
  version "3.6.0"
  resolved "https://registry.yarnpkg.com/readable-stream/-/readable-stream-3.6.0.tgz#337bbda3adc0706bd3e024426a286d4b4b2c9198"
  integrity sha512-BViHy7LKeTz4oNnkcLJ+lVSL6vpiFeX6/d3oSH8zCW7UxP2onchk+vTGB143xuFjHS3deTgkKoXXymXqymiIdA==
  dependencies:
    inherits "^2.0.3"
    string_decoder "^1.1.1"
    util-deprecate "^1.0.1"

regenerator-runtime@^0.11.0:
  version "0.11.1"
  resolved "https://registry.yarnpkg.com/regenerator-runtime/-/regenerator-runtime-0.11.1.tgz#be05ad7f9bf7d22e056f9726cee5017fbf19e2e9"
  integrity sha512-MguG95oij0fC3QV3URf4V2SDYGJhJnJGqvIIgdECeODCT98wSWDAJ94SSuVpYQUoTcGUIL6L4yNB7j1DFFHSBg==

regenerator-runtime@^0.13.2:
  version "0.13.7"
  resolved "https://registry.yarnpkg.com/regenerator-runtime/-/regenerator-runtime-0.13.7.tgz#cac2dacc8a1ea675feaabaeb8ae833898ae46f55"
  integrity sha512-a54FxoJDIr27pgf7IgeQGxmqUNYrcV338lf/6gH456HZ/PhX+5BcwHXG9ajESmwe6WRO0tAzRUrRmNONWgkrew==

ripemd160@^2.0.0, ripemd160@^2.0.1:
  version "2.0.2"
  resolved "https://registry.yarnpkg.com/ripemd160/-/ripemd160-2.0.2.tgz#a1c1a6f624751577ba5d07914cbc92850585890c"
  integrity sha512-ii4iagi25WusVoiC4B4lq7pbXfAp3D9v5CwfkY33vffw2+pkDjY1D8GaN7spsxvCSx8dkPqOZCEZyfxcmJG2IA==
  dependencies:
    hash-base "^3.0.0"
    inherits "^2.0.1"

safe-buffer@^5.0.1, safe-buffer@^5.1.0, safe-buffer@^5.1.1, safe-buffer@^5.1.2, safe-buffer@^5.2.0, safe-buffer@~5.2.0:
  version "5.2.1"
  resolved "https://registry.yarnpkg.com/safe-buffer/-/safe-buffer-5.2.1.tgz#1eaf9fa9bdb1fdd4ec75f58f9cdb4e6b7827eec6"
  integrity sha512-rp3So07KcdmmKbGvgaNxQSJr7bGVSVk5S9Eq1F+ppbRo70+YeaDxkw5Dd8NPN+GD6bjnYm2VuPuCXmpuYvmCXQ==

sha.js@^2.4.0, sha.js@^2.4.8:
  version "2.4.11"
  resolved "https://registry.yarnpkg.com/sha.js/-/sha.js-2.4.11.tgz#37a5cf0b81ecbc6943de109ba2960d1b26584ae7"
  integrity sha512-QMEp5B7cftE7APOjk5Y6xgrbWu+WkLVQwk8JNjZ8nKRciZaByEW6MubieAiToS7+dwvrjGhH8jRXz3MVd0AYqQ==
  dependencies:
    inherits "^2.0.1"
    safe-buffer "^5.0.1"

string.prototype.trimend@^1.0.1:
  version "1.0.1"
  resolved "https://registry.yarnpkg.com/string.prototype.trimend/-/string.prototype.trimend-1.0.1.tgz#85812a6b847ac002270f5808146064c995fb6913"
  integrity sha512-LRPxFUaTtpqYsTeNKaFOw3R4bxIzWOnbQ837QfBylo8jIxtcbK/A/sMV7Q+OAV/vWo+7s25pOE10KYSjaSO06g==
  dependencies:
    define-properties "^1.1.3"
    es-abstract "^1.17.5"

string.prototype.trimstart@^1.0.1:
  version "1.0.1"
  resolved "https://registry.yarnpkg.com/string.prototype.trimstart/-/string.prototype.trimstart-1.0.1.tgz#14af6d9f34b053f7cfc89b72f8f2ee14b9039a54"
  integrity sha512-XxZn+QpvrBI1FOcg6dIpxUPgWCPuNXvMD72aaRaUQv1eD4e/Qy8i/hFTe0BUmD60p/QA6bh1avmuPTfNjqVWRw==
  dependencies:
    define-properties "^1.1.3"
    es-abstract "^1.17.5"

string_decoder@^1.1.1:
  version "1.3.0"
  resolved "https://registry.yarnpkg.com/string_decoder/-/string_decoder-1.3.0.tgz#42f114594a46cf1a8e30b0a84f56c78c3edac21e"
  integrity sha512-hkRX8U1WjJFd8LsDJ2yQ/wWWxaopEsABU1XfkM8A+j0+85JAGppt16cr1Whg6KIbb4okU6Mql6BOj+uup/wKeA==
  dependencies:
    safe-buffer "~5.2.0"

text-encoding@0.7.0:
  version "0.7.0"
  resolved "https://registry.yarnpkg.com/text-encoding/-/text-encoding-0.7.0.tgz#f895e836e45990624086601798ea98e8f36ee643"
  integrity sha512-oJQ3f1hrOnbRLOcwKz0Liq2IcrvDeZRHXhd9RgLrsT+DjWY/nty1Hi7v3dtkaEYbPYe0mUoOfzRrMwfXXwgPUA==

util-deprecate@^1.0.1:
  version "1.0.2"
  resolved "https://registry.yarnpkg.com/util-deprecate/-/util-deprecate-1.0.2.tgz#450d4dc9fa70de732762fbd2d4a28981419a0ccf"
  integrity sha1-RQ1Nyfpw3nMnYvvS1KKJgUGaDM8=

util@^0.12.3:
  version "0.12.3"
  resolved "https://registry.yarnpkg.com/util/-/util-0.12.3.tgz#971bb0292d2cc0c892dab7c6a5d37c2bec707888"
  integrity sha512-I8XkoQwE+fPQEhy9v012V+TSdH2kp9ts29i20TaaDUXsg7x/onePbhFJUExBfv/2ay1ZOp/Vsm3nDlmnFGSAog==
  dependencies:
    inherits "^2.0.3"
    is-arguments "^1.0.4"
    is-generator-function "^1.0.7"
    is-typed-array "^1.1.3"
    safe-buffer "^5.1.2"
    which-typed-array "^1.1.2"

which-typed-array@^1.1.2:
  version "1.1.2"
  resolved "https://registry.yarnpkg.com/which-typed-array/-/which-typed-array-1.1.2.tgz#e5f98e56bda93e3dac196b01d47c1156679c00b2"
  integrity sha512-KT6okrd1tE6JdZAy3o2VhMoYPh3+J6EMZLyrxBQsZflI1QCZIxMrIYLkosd8Twf+YfknVIHmYQPgJt238p8dnQ==
  dependencies:
    available-typed-arrays "^1.0.2"
    es-abstract "^1.17.5"
    foreach "^2.0.5"
    function-bind "^1.1.1"
    has-symbols "^1.0.1"
    is-typed-array "^1.1.3"
